PODS:
  - CBORCoding (1.4.0):
    - Half (~> 1.4)
  - Half (1.4.2)
  - IQKeyboardManagerSwift (6.5.16)
  - MarqueeLabel (4.0.5)
  - NabtoEdgeClientSwift (3.3.0)
  - NabtoEdgeIamUtil (1.1.1):
    - CBORCoding (~> 1.4.0)
    - NabtoEdgeClientSwift (~> 3.3.0)
  - NotificationBannerSwift (3.0.6):
    - MarqueeLabel (~> 4.0.5)
    - SnapKit (~> 5.0.1)
  - SnapKit (5.0.1)

DEPENDENCIES:
  - IQKeyboardManagerSwift
  - NabtoEdgeClientSwift (= 3.3.0)
  - NabtoEdgeIamUtil (= 1.1.1)
  - NotificationBannerSwift (~> 3.0.0)

SPEC REPOS:
  https://github.com/CocoaPods/Specs.git:
    - CBORCoding
    - Half
    - IQKeyboardManagerSwift
    - MarqueeLabel
    - NabtoEdgeClientSwift
    - NabtoEdgeIamUtil
    - NotificationBannerSwift
    - SnapKit

SPEC CHECKSUMS:
  CBORCoding: ce4f4dd501db2e7b26697b2eb0f3e6535ca109a1
  Half: f63c2cbdb8a8d9f5064edcf43057148d75f4b750
  IQKeyboardManagerSwift: 12d89768845bb77b55cc092ecc2b1f9370f06b76
  MarqueeLabel: 00cc0bcd087111dca575878b3531af980559707d
  NabtoEdgeClientSwift: 9c2b54989bf9fd6e9ec42d1d6e621135c06e3d9c
  NabtoEdgeIamUtil: 6f00cc0833c96853e7a187b2428ea1cdc05fba46
  NotificationBannerSwift: 7021be2338f8f29cf424b0aca43da462bf9e2a1a
  SnapKit: 97b92857e3df3a0c71833cce143274bf6ef8e5eb

PODFILE CHECKSUM: 13a2c07b98fe190d8471ba109734d9fd2f140cac

COCOAPODS: 1.15.2
